
Microsoft Visual Studio Solution File, Format Version 12.00
# Visual Studio Version 17
VisualStudioVersion = 17.5.002.0
MinimumVisualStudioVersion = 10.0.40219.1
Project("{9A19103F-16F7-4668-BE54-9A1E7A4F7556}") = "EFCore9Vectors", "EFCore9Vectors.csproj", "{4BE4677C-0423-4A66-B136-F17731763AF2}"
EndProject
Global
	GlobalSection(SolutionConfigurationPlatforms) = preSolution
		Debug|Any CPU = Debug|Any CPU
		Release|Any CPU = Release|Any CPU
	EndGlobalSection
	GlobalSection(ProjectConfigurationPlatforms) = postSolution
		{4BE4677C-0423-4A66-B136-F17731763AF2}.Debug|Any CPU.ActiveCfg = Debug|Any CPU
		{4BE4677C-0423-4A66-B136-F17731763AF2}.Debug|Any CPU.Build.0 = Debug|Any CPU
		{4BE4677C-0423-4A66-B136-F17731763AF2}.Release|Any CPU.ActiveCfg = Release|Any CPU
		{4BE4677C-0423-4A66-B136-F17731763AF2}.Release|Any CPU.Build.0 = Release|Any CPU
	EndGlobalSection
	GlobalSection(SolutionProperties) = preSolution
		HideSolutionNode = FALSE
	EndGlobalSection
	GlobalSection(ExtensibilityGlobals) = postSolution
		SolutionGuid = {E027E552-7A9C-4764-A3FA-21B66CE9D052}
	EndGlobalSection
EndGlobal
