
Microsoft Visual Studio Solution File, Format Version 12.00
# Visual Studio Version 17
VisualStudioVersion = 17.13.35931.197 d17.13
MinimumVisualStudioVersion = 10.0.40219.1
Project("{FAE04EC0-301F-11D3-BF4B-00C04F79EFBC}") = "VectorStoreSample", "VectorStoreSample.csproj", "{8764B11F-860A-982A-BA40-CEC0BED4BB2B}"
EndProject
Global
	GlobalSection(SolutionConfigurationPlatforms) = preSolution
		Debug|Any CPU = Debug|Any CPU
		Release|Any CPU = Release|Any CPU
	EndGlobalSection
	GlobalSection(ProjectConfigurationPlatforms) = postSolution
		{8764B11F-860A-982A-BA40-CEC0BED4BB2B}.Debug|Any CPU.ActiveCfg = Debug|Any CPU
		{8764B11F-860A-982A-BA40-CEC0BED4BB2B}.Debug|Any CPU.Build.0 = Debug|Any CPU
		{8764B11F-860A-982A-BA40-CEC0BED4BB2B}.Release|Any CPU.ActiveCfg = Release|Any CPU
		{8764B11F-860A-982A-BA40-CEC0BED4BB2B}.Release|Any CPU.Build.0 = Release|Any CPU
	EndGlobalSection
	GlobalSection(SolutionProperties) = preSolution
		HideSolutionNode = FALSE
	EndGlobalSection
	GlobalSection(ExtensibilityGlobals) = postSolution
		SolutionGuid = {47B658FB-23FE-432F-BD16-8E3EF4EE4E34}
	EndGlobalSection
EndGlobal
